{
  "requires": true,
  "lockfileVersion": 1,
  "dependencies": {
    "lazysizes": {
      "version": "3.0.0",
      "resolved": "https://registry.npmjs.org/lazysizes/-/lazysizes-3.0.0.tgz",
      "integrity": "sha1-sbrLWg8oET/6ezic4vNfHP8Z2bk="
    },
    "vue": {
      "version": "2.6.12",
      "resolved": "https://registry.npmjs.org/vue/-/vue-2.6.12.tgz",
      "integrity": "sha512-uhmLFETqPPNyuLLbsKz6ioJ4q7AZHzD8ZVFNATNyICSZouqP2Sz0rotWQC8UNBF6VGSCs5abnKJoStA6JbCbfg=="
    },
    "vue-images": {
      "version": "1.1.0",
      "resolved": "https://registry.npmjs.org/vue-images/-/vue-images-1.1.0.tgz",
      "integrity": "sha512-jXk/vz4sOkqwdS5SLH8bAOh71iREChvvIfcIsvpzI9DGPwSc72efwKnjvRY7jb2bSJ/d7dt1ldAnxKh+KBdpVw==",
      "requires": {
        "lazysizes": "^3.0.0",
        "vue": "^2.1.0"
      }
    }
  }
}
